
Microsoft Visual Studio Solution File, Format Version 12.00
# Visual Studio 15
VisualStudioVersion = 15.0.28307.1000
MinimumVisualStudioVersion = 10.0.40219.1
Project("{FAE04EC0-301F-11D3-BF4B-00C04F79EFBC}") = "RoomClient", "RoomClient\RoomClient.csproj", "{495126AE-7616-4580-A627-664C7A1B2199}"
EndProject
Global
	GlobalSection(SolutionConfigurationPlatforms) = preSolution
		Debug|Any CPU = Debug|Any CPU
		Release|Any CPU = Release|Any CPU
	EndGlobalSection
	GlobalSection(ProjectConfigurationPlatforms) = postSolution
		{495126AE-7616-4580-A627-664C7A1B2199}.Debug|Any CPU.ActiveCfg = Debug|Any CPU
		{495126AE-7616-4580-A627-664C7A1B2199}.Debug|Any CPU.Build.0 = Debug|Any CPU
		{495126AE-7616-4580-A627-664C7A1B2199}.Release|Any CPU.ActiveCfg = Release|Any CPU
		{495126AE-7616-4580-A627-664C7A1B2199}.Release|Any CPU.Build.0 = Release|Any CPU
	EndGlobalSection
	GlobalSection(SolutionProperties) = preSolution
		HideSolutionNode = FALSE
	EndGlobalSection
	GlobalSection(ExtensibilityGlobals) = postSolution
		SolutionGuid = {7BB11226-2779-4138-9434-D5A13D31B93C}
	EndGlobalSection
EndGlobal
